
Microsoft Visual Studio Solution File, Format Version 12.00
# Visual Studio Version 17
VisualStudioVersion = 17.4.33403.182
MinimumVisualStudioVersion = 10.0.40219.1
Project("{FAE04EC0-301F-11D3-BF4B-00C04F79EFBC}") = "EventsPortal", "EventsPortal\EventsPortal.csproj", "{8055BDEC-79F6-40B4-9495-7307A6F25E67}"
EndProject
Global
	GlobalSection(SolutionConfigurationPlatforms) = preSolution
		Debug|Any CPU = Debug|Any CPU
		Release|Any CPU = Release|Any CPU
	EndGlobalSection
	GlobalSection(ProjectConfigurationPlatforms) = postSolution
		{8055BDEC-79F6-40B4-9495-7307A6F25E67}.Debug|Any CPU.ActiveCfg = Debug|Any CPU
		{8055BDEC-79F6-40B4-9495-7307A6F25E67}.Debug|Any CPU.Build.0 = Debug|Any CPU
		{8055BDEC-79F6-40B4-9495-7307A6F25E67}.Release|Any CPU.ActiveCfg = Release|Any CPU
		{8055BDEC-79F6-40B4-9495-7307A6F25E67}.Release|Any CPU.Build.0 = Release|Any CPU
	EndGlobalSection
	GlobalSection(SolutionProperties) = preSolution
		HideSolutionNode = FALSE
	EndGlobalSection
	GlobalSection(ExtensibilityGlobals) = postSolution
		SolutionGuid = {50A8DC97-CF36-47B6-9507-45EF9E825065}
	EndGlobalSection
EndGlobal
